github.com/google/go-cmp v0.7.0 h1:wk8382ETsv4JYUZwIsn6YpYiWiBsYLSJiTsyBybVuN8=
github.com/google/go-cmp v0.7.0/go.mod h1:pXiqmnSA92OHEEa9HXL2W4E7lf9JzCmGVUdgjX3N/iU=
github.com/xoctopus/x v0.3.3 h1:wdL6OLIz7O74XRE0mEW9v5u8YjcWJ70wkvFpQLIUxlg=
github.com/xoctopus/x v0.3.3/go.mod h1:Lij++DAU2O2DdZ5IB/Svpx88Cgs618Zb2cBSapp1vNs=
