github.com/google/go-cmp v0.7.0 h1:wk8382ETsv4JYUZwIsn6YpYiWiBsYLSJiTsyBybVuN8=
github.com/google/go-cmp v0.7.0/go.mod h1:pXiqmnSA92OHEEa9HXL2W4E7lf9JzCmGVUdgjX3N/iU=
github.com/xoctopus/x v0.2.11 h1:yRlLG7Dt/1na2/RTa0ZyCXECwgRwTpAMeAubxa1Wkis=
github.com/xoctopus/x v0.2.11/go.mod h1:50E7nA4s9BB4jgDmd59IqyluaJCxoUnS7QPi3nCyLFw=
